
Microsoft Visual Studio Solution File, Format Version 12.00
# Visual Studio Version 17
VisualStudioVersion = 17.7.34031.279
MinimumVisualStudioVersion = 10.0.40219.1
Project("{FAE04EC0-301F-11D3-BF4B-00C04F79EFBC}") = "GitHub", "GitHub.csproj", "{8C80629D-9663-4DA1-9E6B-0269121BF222}"
EndProject
Global
	GlobalSection(SolutionConfigurationPlatforms) = preSolution
		Debug|Any CPU = Debug|Any CPU
		Release|Any CPU = Release|Any CPU
	EndGlobalSection
	GlobalSection(ProjectConfigurationPlatforms) = postSolution
		{8C80629D-9663-4DA1-9E6B-0269121BF222}.Debug|Any CPU.ActiveCfg = Debug|Any CPU
		{8C80629D-9663-4DA1-9E6B-0269121BF222}.Debug|Any CPU.Build.0 = Debug|Any CPU
		{8C80629D-9663-4DA1-9E6B-0269121BF222}.Release|Any CPU.ActiveCfg = Release|Any CPU
		{8C80629D-9663-4DA1-9E6B-0269121BF222}.Release|Any CPU.Build.0 = Release|Any CPU
	EndGlobalSection
	GlobalSection(SolutionProperties) = preSolution
		HideSolutionNode = FALSE
	EndGlobalSection
	GlobalSection(ExtensibilityGlobals) = postSolution
		SolutionGuid = {73A9678F-E063-44B0-9BB1-32BCA11619A2}
	EndGlobalSection
EndGlobal
